
Microsoft Visual Studio Solution File, Format Version 12.00
# Visual Studio Version 16
VisualStudioVersion = 16.0.29123.88
MinimumVisualStudioVersion = 10.0.40219.1
Project("{FAE04EC0-301F-11D3-BF4B-00C04F79EFBC}") = "Graph", "Graph\Graph.csproj", "{A93E634D-7DF2-4338-A155-766110ECCF8A}"
EndProject
Global
	GlobalSection(SolutionConfigurationPlatforms) = preSolution
		Debug|Any CPU = Debug|Any CPU
		Release|Any CPU = Release|Any CPU
	EndGlobalSection
	GlobalSection(ProjectConfigurationPlatforms) = postSolution
		{A93E634D-7DF2-4338-A155-766110ECCF8A}.Debug|Any CPU.ActiveCfg = Debug|Any CPU
		{A93E634D-7DF2-4338-A155-766110ECCF8A}.Debug|Any CPU.Build.0 = Debug|Any CPU
		{A93E634D-7DF2-4338-A155-766110ECCF8A}.Release|Any CPU.ActiveCfg = Release|Any CPU
		{A93E634D-7DF2-4338-A155-766110ECCF8A}.Release|Any CPU.Build.0 = Release|Any CPU
	EndGlobalSection
	GlobalSection(SolutionProperties) = preSolution
		HideSolutionNode = FALSE
	EndGlobalSection
	GlobalSection(ExtensibilityGlobals) = postSolution
		SolutionGuid = {AD9E3EAB-ABE8-438D-90D8-30D788AFD45C}
	EndGlobalSection
EndGlobal
